
Microsoft Visual Studio Solution File, Format Version 12.00
# Visual Studio Version 16
VisualStudioVersion = 16.0.29306.81
MinimumVisualStudioVersion = 10.0.40219.1
Project("{FAE04EC0-301F-11D3-BF4B-00C04F79EFBC}") = "courseWork2", "courseWork2.csproj", "{73A635A9-194D-42DF-9525-C0220E12AAB2}"
EndProject
Project("{FAE04EC0-301F-11D3-BF4B-00C04F79EFBC}") = "WindowsFromsApp1", "..\2.1laboratories\15LabTask\WindowsFormsApp1\WindowsFromsApp1.csproj", "{A7FBD6DF-7C79-4610-819D-A855BC4CDF8D}"
EndProject
Global
	GlobalSection(SolutionConfigurationPlatforms) = preSolution
		Debug|Any CPU = Debug|Any CPU
		Release|Any CPU = Release|Any CPU
	EndGlobalSection
	GlobalSection(ProjectConfigurationPlatforms) = postSolution
		{73A635A9-194D-42DF-9525-C0220E12AAB2}.Debug|Any CPU.ActiveCfg = Debug|Any CPU
		{73A635A9-194D-42DF-9525-C0220E12AAB2}.Debug|Any CPU.Build.0 = Debug|Any CPU
		{73A635A9-194D-42DF-9525-C0220E12AAB2}.Release|Any CPU.ActiveCfg = Release|Any CPU
		{73A635A9-194D-42DF-9525-C0220E12AAB2}.Release|Any CPU.Build.0 = Release|Any CPU
		{A7FBD6DF-7C79-4610-819D-A855BC4CDF8D}.Debug|Any CPU.ActiveCfg = Debug|Any CPU
		{A7FBD6DF-7C79-4610-819D-A855BC4CDF8D}.Debug|Any CPU.Build.0 = Debug|Any CPU
		{A7FBD6DF-7C79-4610-819D-A855BC4CDF8D}.Release|Any CPU.ActiveCfg = Release|Any CPU
		{A7FBD6DF-7C79-4610-819D-A855BC4CDF8D}.Release|Any CPU.Build.0 = Release|Any CPU
	EndGlobalSection
	GlobalSection(SolutionProperties) = preSolution
		HideSolutionNode = FALSE
	EndGlobalSection
	GlobalSection(ExtensibilityGlobals) = postSolution
		SolutionGuid = {47006E5D-D578-485E-A4F1-F5C36BCC88F7}
	EndGlobalSection
EndGlobal
