
Microsoft Visual Studio Solution File, Format Version 12.00
# Visual Studio Version 16
VisualStudioVersion = 16.0.29306.81
MinimumVisualStudioVersion = 10.0.40219.1
Project("{FAE04EC0-301F-11D3-BF4B-00C04F79EFBC}") = "practice2", "practice2.csproj", "{7F8065E6-EFF5-4852-8242-1E540A69EE4D}"
EndProject
Global
	GlobalSection(SolutionConfigurationPlatforms) = preSolution
		Debug|Any CPU = Debug|Any CPU
		Release|Any CPU = Release|Any CPU
	EndGlobalSection
	GlobalSection(ProjectConfigurationPlatforms) = postSolution
		{7F8065E6-EFF5-4852-8242-1E540A69EE4D}.Debug|Any CPU.ActiveCfg = Debug|Any CPU
		{7F8065E6-EFF5-4852-8242-1E540A69EE4D}.Debug|Any CPU.Build.0 = Debug|Any CPU
		{7F8065E6-EFF5-4852-8242-1E540A69EE4D}.Release|Any CPU.ActiveCfg = Release|Any CPU
		{7F8065E6-EFF5-4852-8242-1E540A69EE4D}.Release|Any CPU.Build.0 = Release|Any CPU
	EndGlobalSection
	GlobalSection(SolutionProperties) = preSolution
		HideSolutionNode = FALSE
	EndGlobalSection
	GlobalSection(ExtensibilityGlobals) = postSolution
		SolutionGuid = {64311C0B-6E72-4FD4-A2BD-16F045A939F9}
	EndGlobalSection
EndGlobal
