
Microsoft Visual Studio Solution File, Format Version 12.00
# Visual Studio Version 16
VisualStudioVersion = 16.0.29306.81
MinimumVisualStudioVersion = 10.0.40219.1
Project("{9A19103F-16F7-4668-BE54-9A1E7A4F7556}") = "Equation", "Equation\Equation.csproj", "{9C11E244-8055-4CDE-9EDD-411D58723613}"
EndProject
Project("{FAE04EC0-301F-11D3-BF4B-00C04F79EFBC}") = "1LabTask_first", "1LabTask_first\1LabTask_first.csproj", "{CA9B1286-AD01-4622-8774-9CF01BBBE1D4}"
EndProject
Project("{FAE04EC0-301F-11D3-BF4B-00C04F79EFBC}") = "1LabTask_second", "1LabTask_second\1LabTask_second.csproj", "{57833A56-C4C8-44DB-9359-29F901D68D9D}"
EndProject
Global
	GlobalSection(SolutionConfigurationPlatforms) = preSolution
		Debug|Any CPU = Debug|Any CPU
		Release|Any CPU = Release|Any CPU
	EndGlobalSection
	GlobalSection(ProjectConfigurationPlatforms) = postSolution
		{9C11E244-8055-4CDE-9EDD-411D58723613}.Debug|Any CPU.ActiveCfg = Debug|Any CPU
		{9C11E244-8055-4CDE-9EDD-411D58723613}.Debug|Any CPU.Build.0 = Debug|Any CPU
		{9C11E244-8055-4CDE-9EDD-411D58723613}.Release|Any CPU.ActiveCfg = Release|Any CPU
		{9C11E244-8055-4CDE-9EDD-411D58723613}.Release|Any CPU.Build.0 = Release|Any CPU
		{CA9B1286-AD01-4622-8774-9CF01BBBE1D4}.Debug|Any CPU.ActiveCfg = Debug|Any CPU
		{CA9B1286-AD01-4622-8774-9CF01BBBE1D4}.Debug|Any CPU.Build.0 = Debug|Any CPU
		{CA9B1286-AD01-4622-8774-9CF01BBBE1D4}.Release|Any CPU.ActiveCfg = Release|Any CPU
		{CA9B1286-AD01-4622-8774-9CF01BBBE1D4}.Release|Any CPU.Build.0 = Release|Any CPU
		{57833A56-C4C8-44DB-9359-29F901D68D9D}.Debug|Any CPU.ActiveCfg = Debug|Any CPU
		{57833A56-C4C8-44DB-9359-29F901D68D9D}.Debug|Any CPU.Build.0 = Debug|Any CPU
		{57833A56-C4C8-44DB-9359-29F901D68D9D}.Release|Any CPU.ActiveCfg = Release|Any CPU
		{57833A56-C4C8-44DB-9359-29F901D68D9D}.Release|Any CPU.Build.0 = Release|Any CPU
	EndGlobalSection
	GlobalSection(SolutionProperties) = preSolution
		HideSolutionNode = FALSE
	EndGlobalSection
	GlobalSection(ExtensibilityGlobals) = postSolution
		SolutionGuid = {434840EA-13DE-41F1-8D28-2A0A81E88BC8}
	EndGlobalSection
EndGlobal
