
Microsoft Visual Studio Solution File, Format Version 12.00
# Visual Studio Version 16
VisualStudioVersion = 16.0.29306.81
MinimumVisualStudioVersion = 10.0.40219.1
Project("{9A19103F-16F7-4668-BE54-9A1E7A4F7556}") = "1LabTask_first", "1LabTask_first\1LabTask_first.csproj", "{BD3D2D05-B195-4FEB-B77E-E3A1B96E181F}"
EndProject
Project("{FAE04EC0-301F-11D3-BF4B-00C04F79EFBC}") = "1LabTask_second", "1LabTask_second\1LabTask_second.csproj", "{BC57A460-30F1-4E26-9DA7-96E1320CA66E}"
EndProject
Global
	GlobalSection(SolutionConfigurationPlatforms) = preSolution
		Debug|Any CPU = Debug|Any CPU
		Release|Any CPU = Release|Any CPU
	EndGlobalSection
	GlobalSection(ProjectConfigurationPlatforms) = postSolution
		{BD3D2D05-B195-4FEB-B77E-E3A1B96E181F}.Debug|Any CPU.ActiveCfg = Debug|Any CPU
		{BD3D2D05-B195-4FEB-B77E-E3A1B96E181F}.Debug|Any CPU.Build.0 = Debug|Any CPU
		{BD3D2D05-B195-4FEB-B77E-E3A1B96E181F}.Release|Any CPU.ActiveCfg = Release|Any CPU
		{BD3D2D05-B195-4FEB-B77E-E3A1B96E181F}.Release|Any CPU.Build.0 = Release|Any CPU
		{BC57A460-30F1-4E26-9DA7-96E1320CA66E}.Debug|Any CPU.ActiveCfg = Debug|Any CPU
		{BC57A460-30F1-4E26-9DA7-96E1320CA66E}.Debug|Any CPU.Build.0 = Debug|Any CPU
		{BC57A460-30F1-4E26-9DA7-96E1320CA66E}.Release|Any CPU.ActiveCfg = Release|Any CPU
		{BC57A460-30F1-4E26-9DA7-96E1320CA66E}.Release|Any CPU.Build.0 = Release|Any CPU
	EndGlobalSection
	GlobalSection(SolutionProperties) = preSolution
		HideSolutionNode = FALSE
	EndGlobalSection
	GlobalSection(ExtensibilityGlobals) = postSolution
		SolutionGuid = {22CEED75-EF60-4F0A-9EC2-72ACAAFCAD64}
	EndGlobalSection
EndGlobal
